
Microsoft Visual Studio Solution File, Format Version 12.00
# Visual Studio 2012
Project("{FAE04EC0-301F-11D3-BF4B-00C04F79EFBC}") = "Modulo1", "Modulo1\Modulo1.csproj", "{CEBB7890-CFF6-43DD-A1A6-DFA51568F32B}"
EndProject
Project("{FAE04EC0-301F-11D3-BF4B-00C04F79EFBC}") = "Modulo1.iOS", "iOS\Modulo1.iOS.csproj", "{2330DC61-D855-446C-9030-8EC7271F2EE2}"
EndProject
Project("{FAE04EC0-301F-11D3-BF4B-00C04F79EFBC}") = "Modulo1.Droid", "Droid\Modulo1.Droid.csproj", "{17F55E2D-8DF8-48EB-9E22-741F8BFD598E}"
EndProject
Global
	GlobalSection(SolutionConfigurationPlatforms) = preSolution
		Debug|Any CPU = Debug|Any CPU
		Release|Any CPU = Release|Any CPU
		Debug|iPhoneSimulator = Debug|iPhoneSimulator
		Release|iPhone = Release|iPhone
		Release|iPhoneSimulator = Release|iPhoneSimulator
		Debug|iPhone = Debug|iPhone
	EndGlobalSection
	GlobalSection(ProjectConfigurationPlatforms) = postSolution
		{CEBB7890-CFF6-43DD-A1A6-DFA51568F32B}.Debug|Any CPU.ActiveCfg = Debug|Any CPU
		{CEBB7890-CFF6-43DD-A1A6-DFA51568F32B}.Debug|Any CPU.Build.0 = Debug|Any CPU
		{CEBB7890-CFF6-43DD-A1A6-DFA51568F32B}.Release|Any CPU.ActiveCfg = Release|Any CPU
		{CEBB7890-CFF6-43DD-A1A6-DFA51568F32B}.Release|Any CPU.Build.0 = Release|Any CPU
		{CEBB7890-CFF6-43DD-A1A6-DFA51568F32B}.Debug|iPhoneSimulator.ActiveCfg = Debug|Any CPU
		{CEBB7890-CFF6-43DD-A1A6-DFA51568F32B}.Debug|iPhoneSimulator.Build.0 = Debug|Any CPU
		{CEBB7890-CFF6-43DD-A1A6-DFA51568F32B}.Release|iPhone.ActiveCfg = Release|Any CPU
		{CEBB7890-CFF6-43DD-A1A6-DFA51568F32B}.Release|iPhone.Build.0 = Release|Any CPU
		{CEBB7890-CFF6-43DD-A1A6-DFA51568F32B}.Release|iPhoneSimulator.ActiveCfg = Release|Any CPU
		{CEBB7890-CFF6-43DD-A1A6-DFA51568F32B}.Release|iPhoneSimulator.Build.0 = Release|Any CPU
		{CEBB7890-CFF6-43DD-A1A6-DFA51568F32B}.Debug|iPhone.ActiveCfg = Debug|Any CPU
		{CEBB7890-CFF6-43DD-A1A6-DFA51568F32B}.Debug|iPhone.Build.0 = Debug|Any CPU
		{2330DC61-D855-446C-9030-8EC7271F2EE2}.Debug|Any CPU.ActiveCfg = Debug|iPhoneSimulator
		{2330DC61-D855-446C-9030-8EC7271F2EE2}.Debug|Any CPU.Build.0 = Debug|iPhoneSimulator
		{2330DC61-D855-446C-9030-8EC7271F2EE2}.Release|Any CPU.ActiveCfg = Release|iPhone
		{2330DC61-D855-446C-9030-8EC7271F2EE2}.Release|Any CPU.Build.0 = Release|iPhone
		{2330DC61-D855-446C-9030-8EC7271F2EE2}.Debug|iPhoneSimulator.ActiveCfg = Debug|iPhoneSimulator
		{2330DC61-D855-446C-9030-8EC7271F2EE2}.Debug|iPhoneSimulator.Build.0 = Debug|iPhoneSimulator
		{2330DC61-D855-446C-9030-8EC7271F2EE2}.Release|iPhone.ActiveCfg = Release|iPhone
		{2330DC61-D855-446C-9030-8EC7271F2EE2}.Release|iPhone.Build.0 = Release|iPhone
		{2330DC61-D855-446C-9030-8EC7271F2EE2}.Release|iPhoneSimulator.ActiveCfg = Release|iPhoneSimulator
		{2330DC61-D855-446C-9030-8EC7271F2EE2}.Release|iPhoneSimulator.Build.0 = Release|iPhoneSimulator
		{2330DC61-D855-446C-9030-8EC7271F2EE2}.Debug|iPhone.ActiveCfg = Debug|iPhone
		{2330DC61-D855-446C-9030-8EC7271F2EE2}.Debug|iPhone.Build.0 = Debug|iPhone
		{17F55E2D-8DF8-48EB-9E22-741F8BFD598E}.Debug|Any CPU.ActiveCfg = Debug|Any CPU
		{17F55E2D-8DF8-48EB-9E22-741F8BFD598E}.Debug|Any CPU.Build.0 = Debug|Any CPU
		{17F55E2D-8DF8-48EB-9E22-741F8BFD598E}.Release|Any CPU.ActiveCfg = Release|Any CPU
		{17F55E2D-8DF8-48EB-9E22-741F8BFD598E}.Release|Any CPU.Build.0 = Release|Any CPU
		{17F55E2D-8DF8-48EB-9E22-741F8BFD598E}.Debug|iPhoneSimulator.ActiveCfg = Debug|Any CPU
		{17F55E2D-8DF8-48EB-9E22-741F8BFD598E}.Debug|iPhoneSimulator.Build.0 = Debug|Any CPU
		{17F55E2D-8DF8-48EB-9E22-741F8BFD598E}.Release|iPhone.ActiveCfg = Release|Any CPU
		{17F55E2D-8DF8-48EB-9E22-741F8BFD598E}.Release|iPhone.Build.0 = Release|Any CPU
		{17F55E2D-8DF8-48EB-9E22-741F8BFD598E}.Release|iPhoneSimulator.ActiveCfg = Release|Any CPU
		{17F55E2D-8DF8-48EB-9E22-741F8BFD598E}.Release|iPhoneSimulator.Build.0 = Release|Any CPU
		{17F55E2D-8DF8-48EB-9E22-741F8BFD598E}.Debug|iPhone.ActiveCfg = Debug|Any CPU
		{17F55E2D-8DF8-48EB-9E22-741F8BFD598E}.Debug|iPhone.Build.0 = Debug|Any CPU
	EndGlobalSection
EndGlobal
